
Microsoft Visual Studio Solution File, Format Version 12.00
# Visual Studio Version 17
VisualStudioVersion = 17.12.35506.116 d17.12
MinimumVisualStudioVersion = 10.0.40219.1
Project("{2150E333-8FDC-42A3-9474-1A3956D46DE8}") = "Services", "Services", "{7886D0E6-1030-4F5A-99EB-4193DF9ED060}"
EndProject
Project("{2150E333-8FDC-42A3-9474-1A3956D46DE8}") = "Catalog", "Catalog", "{44D814D1-5A2B-4C22-A1B4-DF6912B97922}"
EndProject
Project("{FAE04EC0-301F-11D3-BF4B-00C04F79EFBC}") = "MultiShop.Catalog", "Services\Catalog\MultiShop.Catalog\MultiShop.Catalog.csproj", "{57C04627-3BDE-45BB-B7EC-4EBF589FAF22}"
EndProject
Global
	GlobalSection(SolutionConfigurationPlatforms) = preSolution
		Debug|Any CPU = Debug|Any CPU
		Release|Any CPU = Release|Any CPU
	EndGlobalSection
	GlobalSection(ProjectConfigurationPlatforms) = postSolution
		{57C04627-3BDE-45BB-B7EC-4EBF589FAF22}.Debug|Any CPU.ActiveCfg = Debug|Any CPU
		{57C04627-3BDE-45BB-B7EC-4EBF589FAF22}.Debug|Any CPU.Build.0 = Debug|Any CPU
		{57C04627-3BDE-45BB-B7EC-4EBF589FAF22}.Release|Any CPU.ActiveCfg = Release|Any CPU
		{57C04627-3BDE-45BB-B7EC-4EBF589FAF22}.Release|Any CPU.Build.0 = Release|Any CPU
	EndGlobalSection
	GlobalSection(SolutionProperties) = preSolution
		HideSolutionNode = FALSE
	EndGlobalSection
	GlobalSection(NestedProjects) = preSolution
		{44D814D1-5A2B-4C22-A1B4-DF6912B97922} = {7886D0E6-1030-4F5A-99EB-4193DF9ED060}
		{57C04627-3BDE-45BB-B7EC-4EBF589FAF22} = {44D814D1-5A2B-4C22-A1B4-DF6912B97922}
	EndGlobalSection
EndGlobal
